
Microsoft Visual Studio Solution File, Format Version 12.00
Project("{FAE04EC0-301F-11D3-BF4B-00C04F79EFBC}") = "bbpackager", "bbpackager\bbpackager.csproj", "{9C853AEE-C593-48BF-95B1-733244FCCCD9}"
EndProject
Project("{FAE04EC0-301F-11D3-BF4B-00C04F79EFBC}") = "installer", "installer\installer.csproj", "{D9B90435-7F00-4F4D-A674-7092974D5D66}"
EndProject
Global
	GlobalSection(SolutionConfigurationPlatforms) = preSolution
		Debug|Any CPU = Debug|Any CPU
		Release|Any CPU = Release|Any CPU
	EndGlobalSection
	GlobalSection(ProjectConfigurationPlatforms) = postSolution
		{9C853AEE-C593-48BF-95B1-733244FCCCD9}.Debug|Any CPU.ActiveCfg = Debug|Any CPU
		{9C853AEE-C593-48BF-95B1-733244FCCCD9}.Debug|Any CPU.Build.0 = Debug|Any CPU
		{9C853AEE-C593-48BF-95B1-733244FCCCD9}.Release|Any CPU.ActiveCfg = Release|Any CPU
		{9C853AEE-C593-48BF-95B1-733244FCCCD9}.Release|Any CPU.Build.0 = Release|Any CPU
		{D9B90435-7F00-4F4D-A674-7092974D5D66}.Debug|Any CPU.ActiveCfg = Debug|Any CPU
		{D9B90435-7F00-4F4D-A674-7092974D5D66}.Debug|Any CPU.Build.0 = Debug|Any CPU
		{D9B90435-7F00-4F4D-A674-7092974D5D66}.Release|Any CPU.ActiveCfg = Release|Any CPU
		{D9B90435-7F00-4F4D-A674-7092974D5D66}.Release|Any CPU.Build.0 = Release|Any CPU
	EndGlobalSection
EndGlobal
